
Microsoft Visual Studio Solution File, Format Version 12.00
# Visual Studio Version 16
VisualStudioVersion = 16.0.29609.76
MinimumVisualStudioVersion = 10.0.40219.1
Project("{FAE04EC0-301F-11D3-BF4B-00C04F79EFBC}") = "Adnan.Bookstore", "Adnan.Bookstore\Adnan.Bookstore.csproj", "{520C25DB-8703-4093-A2B9-07051C1D1C71}"
EndProject
Global
	GlobalSection(SolutionConfigurationPlatforms) = preSolution
		Debug|Any CPU = Debug|Any CPU
		Release|Any CPU = Release|Any CPU
	EndGlobalSection
	GlobalSection(ProjectConfigurationPlatforms) = postSolution
		{520C25DB-8703-4093-A2B9-07051C1D1C71}.Debug|Any CPU.ActiveCfg = Debug|Any CPU
		{520C25DB-8703-4093-A2B9-07051C1D1C71}.Debug|Any CPU.Build.0 = Debug|Any CPU
		{520C25DB-8703-4093-A2B9-07051C1D1C71}.Release|Any CPU.ActiveCfg = Release|Any CPU
		{520C25DB-8703-4093-A2B9-07051C1D1C71}.Release|Any CPU.Build.0 = Release|Any CPU
	EndGlobalSection
	GlobalSection(SolutionProperties) = preSolution
		HideSolutionNode = FALSE
	EndGlobalSection
	GlobalSection(ExtensibilityGlobals) = postSolution
		SolutionGuid = {82B4DAC6-C67E-4D70-AA0C-B4D2BD760483}
	EndGlobalSection
EndGlobal
